
Microsoft Visual Studio Solution File, Format Version 12.00
# Visual Studio Version 16
VisualStudioVersion = 16.0.30320.27
MinimumVisualStudioVersion = 10.0.40219.1
Project("{FAE04EC0-301F-11D3-BF4B-00C04F79EFBC}") = "Platinum Tray", "Platinum Tray\Platinum Tray.csproj", "{97E29D47-0E77-47C4-B52A-9236A0662271}"
EndProject
Global
	GlobalSection(SolutionConfigurationPlatforms) = preSolution
		Debug|Any CPU = Debug|Any CPU
		Release|Any CPU = Release|Any CPU
	EndGlobalSection
	GlobalSection(ProjectConfigurationPlatforms) = postSolution
		{97E29D47-0E77-47C4-B52A-9236A0662271}.Debug|Any CPU.ActiveCfg = Debug|Any CPU
		{97E29D47-0E77-47C4-B52A-9236A0662271}.Debug|Any CPU.Build.0 = Debug|Any CPU
		{97E29D47-0E77-47C4-B52A-9236A0662271}.Release|Any CPU.ActiveCfg = Release|Any CPU
		{97E29D47-0E77-47C4-B52A-9236A0662271}.Release|Any CPU.Build.0 = Release|Any CPU
	EndGlobalSection
	GlobalSection(SolutionProperties) = preSolution
		HideSolutionNode = FALSE
	EndGlobalSection
	GlobalSection(ExtensibilityGlobals) = postSolution
		SolutionGuid = {DD4F5B10-D098-4A27-A5F8-10B66DCBD0E9}
	EndGlobalSection
EndGlobal
