
Microsoft Visual Studio Solution File, Format Version 12.00
# Visual Studio Version 16
VisualStudioVersion = 16.0.30320.27
MinimumVisualStudioVersion = 10.0.40219.1
Project("{FAE04EC0-301F-11D3-BF4B-00C04F79EFBC}") = "ShadowShowFileProperties", "ShadowShowFileProperties\ShadowShowFileProperties.csproj", "{C0520CED-9B5E-4BB5-95E3-F9DEB7844514}"
EndProject
Global
	GlobalSection(SolutionConfigurationPlatforms) = preSolution
		Debug|Any CPU = Debug|Any CPU
		Release|Any CPU = Release|Any CPU
	EndGlobalSection
	GlobalSection(ProjectConfigurationPlatforms) = postSolution
		{C0520CED-9B5E-4BB5-95E3-F9DEB7844514}.Debug|Any CPU.ActiveCfg = Debug|Any CPU
		{C0520CED-9B5E-4BB5-95E3-F9DEB7844514}.Debug|Any CPU.Build.0 = Debug|Any CPU
		{C0520CED-9B5E-4BB5-95E3-F9DEB7844514}.Release|Any CPU.ActiveCfg = Release|Any CPU
		{C0520CED-9B5E-4BB5-95E3-F9DEB7844514}.Release|Any CPU.Build.0 = Release|Any CPU
	EndGlobalSection
	GlobalSection(SolutionProperties) = preSolution
		HideSolutionNode = FALSE
	EndGlobalSection
	GlobalSection(ExtensibilityGlobals) = postSolution
		SolutionGuid = {0EB8287C-EF50-488E-9597-C54C777EBB45}
	EndGlobalSection
EndGlobal
